
Microsoft Visual Studio Solution File, Format Version 12.00
# Visual Studio 14
VisualStudioVersion = 14.0.25420.1
MinimumVisualStudioVersion = 10.0.40219.1
Project("{FAE04EC0-301F-11D3-BF4B-00C04F79EFBC}") = "ITUniver.TeleCloud", "ITUniver.TeleCloud\ITUniver.TeleCloud.csproj", "{CCED89E1-BCA5-4E7A-976D-3FD13714272F}"
EndProject
Project("{FAE04EC0-301F-11D3-BF4B-00C04F79EFBC}") = "ITUniver.TeleCloud.Core", "ITUniver.TeleCloud.Core\ITUniver.TeleCloud.Core.csproj", "{CA64A15E-C8BF-4328-AC39-FA89552A6700}"
EndProject
Project("{FAE04EC0-301F-11D3-BF4B-00C04F79EFBC}") = "ITUniver.TeleCloud.Web", "ITUniver.TeleCloud.Web\ITUniver.TeleCloud.Web.csproj", "{1A43724E-55AB-4188-B086-E5D023220182}"
EndProject
Global
	GlobalSection(SolutionConfigurationPlatforms) = preSolution
		Debug|Any CPU = Debug|Any CPU
		Release|Any CPU = Release|Any CPU
	EndGlobalSection
	GlobalSection(ProjectConfigurationPlatforms) = postSolution
		{CCED89E1-BCA5-4E7A-976D-3FD13714272F}.Debug|Any CPU.ActiveCfg = Debug|Any CPU
		{CCED89E1-BCA5-4E7A-976D-3FD13714272F}.Debug|Any CPU.Build.0 = Debug|Any CPU
		{CCED89E1-BCA5-4E7A-976D-3FD13714272F}.Release|Any CPU.ActiveCfg = Release|Any CPU
		{CCED89E1-BCA5-4E7A-976D-3FD13714272F}.Release|Any CPU.Build.0 = Release|Any CPU
		{CA64A15E-C8BF-4328-AC39-FA89552A6700}.Debug|Any CPU.ActiveCfg = Debug|Any CPU
		{CA64A15E-C8BF-4328-AC39-FA89552A6700}.Debug|Any CPU.Build.0 = Debug|Any CPU
		{CA64A15E-C8BF-4328-AC39-FA89552A6700}.Release|Any CPU.ActiveCfg = Release|Any CPU
		{CA64A15E-C8BF-4328-AC39-FA89552A6700}.Release|Any CPU.Build.0 = Release|Any CPU
		{1A43724E-55AB-4188-B086-E5D023220182}.Debug|Any CPU.ActiveCfg = Debug|Any CPU
		{1A43724E-55AB-4188-B086-E5D023220182}.Debug|Any CPU.Build.0 = Debug|Any CPU
		{1A43724E-55AB-4188-B086-E5D023220182}.Release|Any CPU.ActiveCfg = Release|Any CPU
		{1A43724E-55AB-4188-B086-E5D023220182}.Release|Any CPU.Build.0 = Release|Any CPU
	EndGlobalSection
	GlobalSection(SolutionProperties) = preSolution
		HideSolutionNode = FALSE
	EndGlobalSection
EndGlobal
